
Microsoft Visual Studio Solution File, Format Version 12.00
# Visual Studio Version 16
VisualStudioVersion = 16.0.31229.75
MinimumVisualStudioVersion = 10.0.40219.1
Project("{9A19103F-16F7-4668-BE54-9A1E7A4F7556}") = "Childcare", "Childcare.csproj", "{44D0604E-7346-4F6D-B39C-5A4F10171D4D}"
EndProject
Global
	GlobalSection(SolutionConfigurationPlatforms) = preSolution
		Debug|Any CPU = Debug|Any CPU
		Release|Any CPU = Release|Any CPU
	EndGlobalSection
	GlobalSection(ProjectConfigurationPlatforms) = postSolution
		{44D0604E-7346-4F6D-B39C-5A4F10171D4D}.Debug|Any CPU.ActiveCfg = Debug|Any CPU
		{44D0604E-7346-4F6D-B39C-5A4F10171D4D}.Debug|Any CPU.Build.0 = Debug|Any CPU
		{44D0604E-7346-4F6D-B39C-5A4F10171D4D}.Release|Any CPU.ActiveCfg = Release|Any CPU
		{44D0604E-7346-4F6D-B39C-5A4F10171D4D}.Release|Any CPU.Build.0 = Release|Any CPU
	EndGlobalSection
	GlobalSection(SolutionProperties) = preSolution
		HideSolutionNode = FALSE
	EndGlobalSection
	GlobalSection(ExtensibilityGlobals) = postSolution
		SolutionGuid = {0691105D-B7A0-4E54-A8A5-9157AA7C5F7C}
	EndGlobalSection
EndGlobal
